// !$*UTF8*$!
{
	archiveVersion = 1;
	classes = {
	};
	objectVersion = 51;
	objects = {

/* Begin PBXBuildFile section */
		0994DF06FBA1545EC6D6A6A1 /* Pods_Project_1.framework in Frameworks */ = {isa = PBXBuildFile; fileRef = 7570D4CCDE1640739EE80B5D /* Pods_Project_1.framework */; };
		BE4B0C7F2587314300B6A7FE /* Roboto-Regular.ttf in Resources */ = {isa = PBXBuildFile; fileRef = BE4B0C7D2587314300B6A7FE /* Roboto-Regular.ttf */; };
		BE4B0C802587314300B6A7FE /* Roboto-Bold.ttf in Resources */ = {isa = PBXBuildFile; fileRef = BE4B0C7E2587314300B6A7FE /* Roboto-Bold.ttf */; };
		BEADA389254935AC00124FFE /* AppDelegate.swift in Sources */ = {isa = PBXBuildFile; fileRef = BEADA388254935AC00124FFE /* AppDelegate.swift */; };
		BEADA38B254935AC00124FFE /* SceneDelegate.swift in Sources */ = {isa = PBXBuildFile; fileRef = BEADA38A254935AC00124FFE /* SceneDelegate.swift */; };
		BEADA38D254935AC00124FFE /* ViewController.swift in Sources */ = {isa = PBXBuildFile; fileRef = BEADA38C254935AC00124FFE /* ViewController.swift */; };
		BEADA390254935AC00124FFE /* Main.storyboard in Resources */ = {isa = PBXBuildFile; fileRef = BEADA38E254935AC00124FFE /* Main.storyboard */; };
		BEADA392254935AF00124FFE /* Assets.xcassets in Resources */ = {isa = PBXBuildFile; fileRef = BEADA391254935AF00124FFE /* Assets.xcassets */; };
		BEADA395254935AF00124FFE /* LaunchScreen.storyboard in Resources */ = {isa = PBXBuildFile; fileRef = BEADA393254935AF00124FFE /* LaunchScreen.storyboard */; };
		BEEC0D8025639FE4005A3E3C /* Icon.png in Resources */ = {isa = PBXBuildFile; fileRef = BEEC0D7E25639F7E005A3E3C /* Icon.png */; };
		BEEC0D842564A08D005A3E3C /* Model.xcdatamodeld in Sources */ = {isa = PBXBuildFile; fileRef = BEEC0D822564A08D005A3E3C /* Model.xcdatamodeld */; };
		BEEC0D88256B5FC4005A3E3C /* DatabaseController.swift in Sources */ = {isa = PBXBuildFile; fileRef = BEEC0D87256B5FC4005A3E3C /* DatabaseController.swift */; };
		BEEC0D91256B7540005A3E3C /* ConnectionViewController.swift in Sources */ = {isa = PBXBuildFile; fileRef = BEEC0D90256B7540005A3E3C /* ConnectionViewController.swift */; };
		BEEC0D9425849D90005A3E3C /* StartViewController.swift in Sources */ = {isa = PBXBuildFile; fileRef = BEEC0D9325849D90005A3E3C /* StartViewController.swift */; };
		BEEC0D9725849DAB005A3E3C /* LoginViewController.swift in Sources */ = {isa = PBXBuildFile; fileRef = BEEC0D9625849DAB005A3E3C /* LoginViewController.swift */; };
		BEEC0D9A25849DBC005A3E3C /* SignUpViewController.swift in Sources */ = {isa = PBXBuildFile; fileRef = BEEC0D9925849DBC005A3E3C /* SignUpViewController.swift */; };
		BEEC0D9E25858373005A3E3C /* GoogleService-Info.plist in Resources */ = {isa = PBXBuildFile; fileRef = BEEC0D9D25858373005A3E3C /* GoogleService-Info.plist */; };
/* End PBXBuildFile section */

/* Begin PBXFileReference section */
		72B53CCD9AF8BAE0E55EFDF2 /* Pods-Project 1.release.xcconfig */ = {isa = PBXFileReference; includeInIndex = 1; lastKnownFileType = text.xcconfig; name = "Pods-Project 1.release.xcconfig"; path = "Target Support Files/Pods-Project 1/Pods-Project 1.release.xcconfig"; sourceTree = "<group>"; };
		7570D4CCDE1640739EE80B5D /* Pods_Project_1.framework */ = {isa = PBXFileReference; explicitFileType = wrapper.framework; includeInIndex = 0; path = Pods_Project_1.framework; sourceTree = BUILT_PRODUCTS_DIR; };
		BE4B0C7D2587314300B6A7FE /* Roboto-Regular.ttf */ = {isa = PBXFileReference; lastKnownFileType = file; name = "Roboto-Regular.ttf"; path = "../../../../../../Downloads/Roboto/Roboto-Regular.ttf"; sourceTree = "<group>"; };
		BE4B0C7E2587314300B6A7FE /* Roboto-Bold.ttf */ = {isa = PBXFileReference; lastKnownFileType = file; name = "Roboto-Bold.ttf"; path = "../../../../../../Downloads/Roboto/Roboto-Bold.ttf"; sourceTree = "<group>"; };
		BEADA385254935AC00124FFE /* Project 1.app */ = {isa = PBXFileReference; explicitFileType = wrapper.application; includeInIndex = 0; path = "Project 1.app"; sourceTree = BUILT_PRODUCTS_DIR; };
		BEADA388254935AC00124FFE /* AppDelegate.swift */ = {isa = PBXFileReference; lastKnownFileType = sourcecode.swift; path = AppDelegate.swift; sourceTree = "<group>"; };
		BEADA38A254935AC00124FFE /* SceneDelegate.swift */ = {isa = PBXFileReference; lastKnownFileType = sourcecode.swift; path = SceneDelegate.swift; sourceTree = "<group>"; };
		BEADA38C254935AC00124FFE /* ViewController.swift */ = {isa = PBXFileReference; lastKnownFileType = sourcecode.swift; path = ViewController.swift; sourceTree = "<group>"; };
		BEADA38F254935AC00124FFE /* Base */ = {isa = PBXFileReference; lastKnownFileType = file.storyboard; name = Base; path = Base.lproj/Main.storyboard; sourceTree = "<group>"; };
		BEADA391254935AF00124FFE /* Assets.xcassets */ = {isa = PBXFileReference; lastKnownFileType = folder.assetcatalog; path = Assets.xcassets; sourceTree = "<group>"; };
		BEADA394254935AF00124FFE /* Base */ = {isa = PBXFileReference; lastKnownFileType = file.storyboard; name = Base; path = Base.lproj/LaunchScreen.storyboard; sourceTree = "<group>"; };
		BEADA396254935AF00124FFE /* Info.plist */ = {isa = PBXFileReference; lastKnownFileType = text.plist.xml; path = Info.plist; sourceTree = "<group>"; };
		BEEC0D7E25639F7E005A3E3C /* Icon.png */ = {isa = PBXFileReference; lastKnownFileType = image.png; name = Icon.png; path = ../../../../../../.Trash/AppIcon.appiconset/Icon.png; sourceTree = "<group>"; };
		BEEC0D832564A08D005A3E3C /* Model.xcdatamodel */ = {isa = PBXFileReference; lastKnownFileType = wrapper.xcdatamodel; path = Model.xcdatamodel; sourceTree = "<group>"; };
		BEEC0D87256B5FC4005A3E3C /* DatabaseController.swift */ = {isa = PBXFileReference; lastKnownFileType = sourcecode.swift; path = DatabaseController.swift; sourceTree = "<group>"; };
		BEEC0D90256B7540005A3E3C /* ConnectionViewController.swift */ = {isa = PBXFileReference; lastKnownFileType = sourcecode.swift; path = ConnectionViewController.swift; sourceTree = "<group>"; };
		BEEC0D9325849D90005A3E3C /* StartViewController.swift */ = {isa = PBXFileReference; lastKnownFileType = sourcecode.swift; path = StartViewController.swift; sourceTree = "<group>"; };
		BEEC0D9625849DAB005A3E3C /* LoginViewController.swift */ = {isa = PBXFileReference; lastKnownFileType = sourcecode.swift; path = LoginViewController.swift; sourceTree = "<group>"; };
		BEEC0D9925849DBC005A3E3C /* SignUpViewController.swift */ = {isa = PBXFileReference; lastKnownFileType = sourcecode.swift; path = SignUpViewController.swift; sourceTree = "<group>"; };
		BEEC0D9D25858373005A3E3C /* GoogleService-Info.plist */ = {isa = PBXFileReference; fileEncoding = 4; lastKnownFileType = text.plist.xml; name = "GoogleService-Info.plist"; path = "../../../../../Downloads/GoogleService-Info.plist"; sourceTree = "<group>"; };
		D3709E87921219392DF88CA6 /* Pods-Project 1.debug.xcconfig */ = {isa = PBXFileReference; includeInIndex = 1; lastKnownFileType = text.xcconfig; name = "Pods-Project 1.debug.xcconfig"; path = "Target Support Files/Pods-Project 1/Pods-Project 1.debug.xcconfig"; sourceTree = "<group>"; };
/* End PBXFileReference section */

/* Begin PBXFrameworksBuildPhase section */
		BEADA382254935AC00124FFE /* Frameworks */ = {
			isa = PBXFrameworksBuildPhase;
			buildActionMask = 2147483647;
			files = (
				0994DF06FBA1545EC6D6A6A1 /* Pods_Project_1.framework in Frameworks */,
			);
			runOnlyForDeploymentPostprocessing = 0;
		};
/* End PBXFrameworksBuildPhase section */

/* Begin PBXGroup section */
		8E5DD0BBFD9861B29B25A59E /* Pods */ = {
			isa = PBXGroup;
			children = (
				D3709E87921219392DF88CA6 /* Pods-Project 1.debug.xcconfig */,
				72B53CCD9AF8BAE0E55EFDF2 /* Pods-Project 1.release.xcconfig */,
			);
			path = Pods;
			sourceTree = "<group>";
		};
		BE4B0C7C2587306900B6A7FE /* fonts */ = {
			isa = PBXGroup;
			children = (
				BE4B0C7E2587314300B6A7FE /* Roboto-Bold.ttf */,
				BE4B0C7D2587314300B6A7FE /* Roboto-Regular.ttf */,
			);
			path = fonts;
			sourceTree = "<group>";
		};
		BEADA37C254935AC00124FFE = {
			isa = PBXGroup;
			children = (
				BEADA387254935AC00124FFE /* Project 1 */,
				BEADA386254935AC00124FFE /* Products */,
				8E5DD0BBFD9861B29B25A59E /* Pods */,
				C00F99197319546E468211B2 /* Frameworks */,
			);
			sourceTree = "<group>";
		};
		BEADA386254935AC00124FFE /* Products */ = {
			isa = PBXGroup;
			children = (
				BEADA385254935AC00124FFE /* Project 1.app */,
			);
			name = Products;
			sourceTree = "<group>";
		};
		BEADA387254935AC00124FFE /* Project 1 */ = {
			isa = PBXGroup;
			children = (
				BE4B0C7C2587306900B6A7FE /* fonts */,
				BEEC0D7925639DAE005A3E3C /* Images */,
				BEADA388254935AC00124FFE /* AppDelegate.swift */,
				BEEC0D87256B5FC4005A3E3C /* DatabaseController.swift */,
				BEADA38A254935AC00124FFE /* SceneDelegate.swift */,
				BEADA38C254935AC00124FFE /* ViewController.swift */,
				BEADA38E254935AC00124FFE /* Main.storyboard */,
				BEADA391254935AF00124FFE /* Assets.xcassets */,
				BEADA393254935AF00124FFE /* LaunchScreen.storyboard */,
				BEEC0D9D25858373005A3E3C /* GoogleService-Info.plist */,
				BEADA396254935AF00124FFE /* Info.plist */,
				BEEC0D822564A08D005A3E3C /* Model.xcdatamodeld */,
				BEEC0D90256B7540005A3E3C /* ConnectionViewController.swift */,
				BEEC0D9325849D90005A3E3C /* StartViewController.swift */,
				BEEC0D9625849DAB005A3E3C /* LoginViewController.swift */,
				BEEC0D9925849DBC005A3E3C /* SignUpViewController.swift */,
			);
			path = "Project 1";
			sourceTree = "<group>";
		};
		BEEC0D7925639DAE005A3E3C /* Images */ = {
			isa = PBXGroup;
			children = (
				BEEC0D7E25639F7E005A3E3C /* Icon.png */,
			);
			path = Images;
			sourceTree = "<group>";
		};
		C00F99197319546E468211B2 /* Frameworks */ = {
			isa = PBXGroup;
			children = (
				7570D4CCDE1640739EE80B5D /* Pods_Project_1.framework */,
			);
			name = Frameworks;
			sourceTree = "<group>";
		};
/* End PBXGroup section */

/* Begin PBXNativeTarget section */
		BEADA384254935AC00124FFE /* Project 1 */ = {
			isa = PBXNativeTarget;
			buildConfigurationList = BEADA399254935AF00124FFE /* Build configuration list for PBXNativeTarget "Project 1" */;
			buildPhases = (
				3FE6B170A0916B9E9FE295BB /* [CP] Check Pods Manifest.lock */,
				BEADA381254935AC00124FFE /* Sources */,
				BEADA382254935AC00124FFE /* Frameworks */,
				BEADA383254935AC00124FFE /* Resources */,
				179BEE03488A0F221D87012D /* [CP] Embed Pods Frameworks */,
			);
			buildRules = (
			);
			dependencies = (
			);
			name = "Project 1";
			productName = "Project 1";
			productReference = BEADA385254935AC00124FFE /* Project 1.app */;
			productType = "com.apple.product-type.application";
		};
/* End PBXNativeTarget section */

/* Begin PBXProject section */
		BEADA37D254935AC00124FFE /* Project object */ = {
			isa = PBXProject;
			attributes = {
				LastSwiftUpdateCheck = 1200;
				LastUpgradeCheck = 1200;
				TargetAttributes = {
					BEADA384254935AC00124FFE = {
						CreatedOnToolsVersion = 12.0;
					};
				};
			};
			buildConfigurationList = BEADA380254935AC00124FFE /* Build configuration list for PBXProject "Project 1" */;
			compatibilityVersion = "Xcode 9.3";
			developmentRegion = en;
			hasScannedForEncodings = 0;
			knownRegions = (
				en,
				Base,
			);
			mainGroup = BEADA37C254935AC00124FFE;
			productRefGroup = BEADA386254935AC00124FFE /* Products */;
			projectDirPath = "";
			projectRoot = "";
			targets = (
				BEADA384254935AC00124FFE /* Project 1 */,
			);
		};
/* End PBXProject section */

/* Begin PBXResourcesBuildPhase section */
		BEADA383254935AC00124FFE /* Resources */ = {
			isa = PBXResourcesBuildPhase;
			buildActionMask = 2147483647;
			files = (
				BE4B0C802587314300B6A7FE /* Roboto-Bold.ttf in Resources */,
				BE4B0C7F2587314300B6A7FE /* Roboto-Regular.ttf in Resources */,
				BEEC0D8025639FE4005A3E3C /* Icon.png in Resources */,
				BEADA395254935AF00124FFE /* LaunchScreen.storyboard in Resources */,
				BEEC0D9E25858373005A3E3C /* GoogleService-Info.plist in Resources */,
				BEADA392254935AF00124FFE /* Assets.xcassets in Resources */,
				BEADA390254935AC00124FFE /* Main.storyboard in Resources */,
			);
			runOnlyForDeploymentPostprocessing = 0;
		};
/* End PBXResourcesBuildPhase section */

/* Begin PBXShellScriptBuildPhase section */
		179BEE03488A0F221D87012D /* [CP] Embed Pods Frameworks */ = {
			isa = PBXShellScriptBuildPhase;
			buildActionMask = 2147483647;
			files = (
			);
			inputFileListPaths = (
				"${PODS_ROOT}/Target Support Files/Pods-Project 1/Pods-Project 1-frameworks-${CONFIGURATION}-input-files.xcfilelist",
			);
			name = "[CP] Embed Pods Frameworks";
			outputFileListPaths = (
				"${PODS_ROOT}/Target Support Files/Pods-Project 1/Pods-Project 1-frameworks-${CONFIGURATION}-output-files.xcfilelist",
			);
			runOnlyForDeploymentPostprocessing = 0;
			shellPath = /bin/sh;
			shellScript = "\"${PODS_ROOT}/Target Support Files/Pods-Project 1/Pods-Project 1-frameworks.sh\"\n";
			showEnvVarsInLog = 0;
		};
		3FE6B170A0916B9E9FE295BB /* [CP] Check Pods Manifest.lock */ = {
			isa = PBXShellScriptBuildPhase;
			buildActionMask = 2147483647;
			files = (
			);
			inputFileListPaths = (
			);
			inputPaths = (
				"${PODS_PODFILE_DIR_PATH}/Podfile.lock",
				"${PODS_ROOT}/Manifest.lock",
			);
			name = "[CP] Check Pods Manifest.lock";
			outputFileListPaths = (
			);
			outputPaths = (
				"$(DERIVED_FILE_DIR)/Pods-Project 1-checkManifestLockResult.txt",
			);
			runOnlyForDeploymentPostprocessing = 0;
			shellPath = /bin/sh;
			shellScript = "diff \"${PODS_PODFILE_DIR_PATH}/Podfile.lock\" \"${PODS_ROOT}/Manifest.lock\" > /dev/null\nif [ $? != 0 ] ; then\n    # print error to STDERR\n    echo \"error: The sandbox is not in sync with the Podfile.lock. Run 'pod install' or update your CocoaPods installation.\" >&2\n    exit 1\nfi\n# This output is used by Xcode 'outputs' to avoid re-running this script phase.\necho \"SUCCESS\" > \"${SCRIPT_OUTPUT_FILE_0}\"\n";
			showEnvVarsInLog = 0;
		};
/* End PBXShellScriptBuildPhase section */

/* Begin PBXSourcesBuildPhase section */
		BEADA381254935AC00124FFE /* Sources */ = {
			isa = PBXSourcesBuildPhase;
			buildActionMask = 2147483647;
			files = (
				BEEC0D88256B5FC4005A3E3C /* DatabaseController.swift in Sources */,
				BEEC0D9425849D90005A3E3C /* StartViewController.swift in Sources */,
				BEADA38D254935AC00124FFE /* ViewController.swift in Sources */,
				BEEC0D91256B7540005A3E3C /* ConnectionViewController.swift in Sources */,
				BEEC0D9725849DAB005A3E3C /* LoginViewController.swift in Sources */,
				BEADA389254935AC00124FFE /* AppDelegate.swift in Sources */,
				BEEC0D9A25849DBC005A3E3C /* SignUpViewController.swift in Sources */,
				BEADA38B254935AC00124FFE /* SceneDelegate.swift in Sources */,
				BEEC0D842564A08D005A3E3C /* Model.xcdatamodeld in Sources */,
			);
			runOnlyForDeploymentPostprocessing = 0;
		};
/* End PBXSourcesBuildPhase section */

/* Begin PBXVariantGroup section */
		BEADA38E254935AC00124FFE /* Main.storyboard */ = {
			isa = PBXVariantGroup;
			children = (
				BEADA38F254935AC00124FFE /* Base */,
			);
			name = Main.storyboard;
			sourceTree = "<group>";
		};
		BEADA393254935AF00124FFE /* LaunchScreen.storyboard */ = {
			isa = PBXVariantGroup;
			children = (
				BEADA394254935AF00124FFE /* Base */,
			);
			name = LaunchScreen.storyboard;
			sourceTree = "<group>";
		};
/* End PBXVariantGroup section */

/* Begin XCBuildConfiguration section */
		BEADA397254935AF00124FFE /* Debug */ = {
			isa = XCBuildConfiguration;
			buildSettings = {
				ALWAYS_SEARCH_USER_PATHS = NO;
				CLANG_ANALYZER_NONNULL = YES;
				CLANG_ANALYZER_NUMBER_OBJECT_CONVERSION = YES_AGGRESSIVE;
				CLANG_CXX_LANGUAGE_STANDARD = "gnu++14";
				CLANG_CXX_LIBRARY = "libc++";
				CLANG_ENABLE_MODULES = YES;
				CLANG_ENABLE_OBJC_ARC = YES;
				CLANG_ENABLE_OBJC_WEAK = YES;
				CLANG_WARN_BLOCK_CAPTURE_AUTORELEASING = YES;
				CLANG_WARN_BOOL_CONVERSION = YES;
				CLANG_WARN_COMMA = YES;
				CLANG_WARN_CONSTANT_CONVERSION = YES;
				CLANG_WARN_DEPRECATED_OBJC_IMPLEMENTATIONS = YES;
				CLANG_WARN_DIRECT_OBJC_ISA_USAGE = YES_ERROR;
				CLANG_WARN_DOCUMENTATION_COMMENTS = YES;
				CLANG_WARN_EMPTY_BODY = YES;
				CLANG_WARN_ENUM_CONVERSION = YES;
				CLANG_WARN_INFINITE_RECURSION = YES;
				CLANG_WARN_INT_CONVERSION = YES;
				CLANG_WARN_NON_LITERAL_NULL_CONVERSION = YES;
				CLANG_WARN_OBJC_IMPLICIT_RETAIN_SELF = YES;
				CLANG_WARN_OBJC_LITERAL_CONVERSION = YES;
				CLANG_WARN_OBJC_ROOT_CLASS = YES_ERROR;
				CLANG_WARN_QUOTED_INCLUDE_IN_FRAMEWORK_HEADER = YES;
				CLANG_WARN_RANGE_LOOP_ANALYSIS = YES;
				CLANG_WARN_STRICT_PROTOTYPES = YES;
				CLANG_WARN_SUSPICIOUS_MOVE = YES;
				CLANG_WARN_UNGUARDED_AVAILABILITY = YES_AGGRESSIVE;
				CLANG_WARN_UNREACHABLE_CODE = YES;
				CLANG_WARN__DUPLICATE_METHOD_MATCH = YES;
				COPY_PHASE_STRIP = NO;
				DEBUG_INFORMATION_FORMAT = dwarf;
				ENABLE_STRICT_OBJC_MSGSEND = YES;
				ENABLE_TESTABILITY = YES;
				GCC_C_LANGUAGE_STANDARD = gnu11;
				GCC_DYNAMIC_NO_PIC = NO;
				GCC_NO_COMMON_BLOCKS = YES;
				GCC_OPTIMIZATION_LEVEL = 0;
				GCC_PREPROCESSOR_DEFINITIONS = (
					"DEBUG=1",
					"$(inherited)",
				);
				GCC_WARN_64_TO_32_BIT_CONVERSION = YES;
				GCC_WARN_ABOUT_RETURN_TYPE = YES_ERROR;
				GCC_WARN_UNDECLARED_SELECTOR = YES;
				GCC_WARN_UNINITIALIZED_AUTOS = YES_AGGRESSIVE;
				GCC_WARN_UNUSED_FUNCTION = YES;
				GCC_WARN_UNUSED_VARIABLE = YES;
				IPHONEOS_DEPLOYMENT_TARGET = 14.0;
				MTL_ENABLE_DEBUG_INFO = INCLUDE_SOURCE;
				MTL_FAST_MATH = YES;
				ONLY_ACTIVE_ARCH = YES;
				SDKROOT = iphoneos;
				SWIFT_ACTIVE_COMPILATION_CONDITIONS = DEBUG;
				SWIFT_OPTIMIZATION_LEVEL = "-Onone";
			};
			name = Debug;
		};
		BEADA398254935AF00124FFE /* Release */ = {
			isa = XCBuildConfiguration;
			buildSettings = {
				ALWAYS_SEARCH_USER_PATHS = NO;
				CLANG_ANALYZER_NONNULL = YES;
				CLANG_ANALYZER_NUMBER_OBJECT_CONVERSION = YES_AGGRESSIVE;
				CLANG_CXX_LANGUAGE_STANDARD = "gnu++14";
				CLANG_CXX_LIBRARY = "libc++";
				CLANG_ENABLE_MODULES = YES;
				CLANG_ENABLE_OBJC_ARC = YES;
				CLANG_ENABLE_OBJC_WEAK = YES;
				CLANG_WARN_BLOCK_CAPTURE_AUTORELEASING = YES;
				CLANG_WARN_BOOL_CONVERSION = YES;
				CLANG_WARN_COMMA = YES;
				CLANG_WARN_CONSTANT_CONVERSION = YES;
				CLANG_WARN_DEPRECATED_OBJC_IMPLEMENTATIONS = YES;
				CLANG_WARN_DIRECT_OBJC_ISA_USAGE = YES_ERROR;
				CLANG_WARN_DOCUMENTATION_COMMENTS = YES;
				CLANG_WARN_EMPTY_BODY = YES;
				CLANG_WARN_ENUM_CONVERSION = YES;
				CLANG_WARN_INFINITE_RECURSION = YES;
				CLANG_WARN_INT_CONVERSION = YES;
				CLANG_WARN_NON_LITERAL_NULL_CONVERSION = YES;
				CLANG_WARN_OBJC_IMPLICIT_RETAIN_SELF = YES;
				CLANG_WARN_OBJC_LITERAL_CONVERSION = YES;
				CLANG_WARN_OBJC_ROOT_CLASS = YES_ERROR;
				CLANG_WARN_QUOTED_INCLUDE_IN_FRAMEWORK_HEADER = YES;
				CLANG_WARN_RANGE_LOOP_ANALYSIS = YES;
				CLANG_WARN_STRICT_PROTOTYPES = YES;
				CLANG_WARN_SUSPICIOUS_MOVE = YES;
				CLANG_WARN_UNGUARDED_AVAILABILITY = YES_AGGRESSIVE;
				CLANG_WARN_UNREACHABLE_CODE = YES;
				CLANG_WARN__DUPLICATE_METHOD_MATCH = YES;
				COPY_PHASE_STRIP = NO;
				DEBUG_INFORMATION_FORMAT = "dwarf-with-dsym";
				ENABLE_NS_ASSERTIONS = NO;
				ENABLE_STRICT_OBJC_MSGSEND = YES;
				GCC_C_LANGUAGE_STANDARD = gnu11;
				GCC_NO_COMMON_BLOCKS = YES;
				GCC_WARN_64_TO_32_BIT_CONVERSION = YES;
				GCC_WARN_ABOUT_RETURN_TYPE = YES_ERROR;
				GCC_WARN_UNDECLARED_SELECTOR = YES;
				GCC_WARN_UNINITIALIZED_AUTOS = YES_AGGRESSIVE;
				GCC_WARN_UNUSED_FUNCTION = YES;
				GCC_WARN_UNUSED_VARIABLE = YES;
				IPHONEOS_DEPLOYMENT_TARGET = 14.0;
				MTL_ENABLE_DEBUG_INFO = NO;
				MTL_FAST_MATH = YES;
				SDKROOT = iphoneos;
				SWIFT_COMPILATION_MODE = wholemodule;
				SWIFT_OPTIMIZATION_LEVEL = "-O";
				VALIDATE_PRODUCT = YES;
			};
			name = Release;
		};
		BEADA39A254935AF00124FFE /* Debug */ = {
			isa = XCBuildConfiguration;
			baseConfigurationReference = D3709E87921219392DF88CA6 /* Pods-Project 1.debug.xcconfig */;
			buildSettings = {
				ASSETCATALOG_COMPILER_APPICON_NAME = AppIcon;
				ASSETCATALOG_COMPILER_GLOBAL_ACCENT_COLOR_NAME = AccentColor;
				CODE_SIGN_STYLE = Automatic;
				INFOPLIST_FILE = "Project 1/Info.plist";
				LD_RUNPATH_SEARCH_PATHS = (
					"$(inherited)",
					"@executable_path/Frameworks",
				);
				PRODUCT_BUNDLE_IDENTIFIER = "com.CS402.Project-1";
				PRODUCT_NAME = "$(TARGET_NAME)";
				SWIFT_VERSION = 5.0;
				TARGETED_DEVICE_FAMILY = "1,2";
			};
			name = Debug;
		};
		BEADA39B254935AF00124FFE /* Release */ = {
			isa = XCBuildConfiguration;
			baseConfigurationReference = 72B53CCD9AF8BAE0E55EFDF2 /* Pods-Project 1.release.xcconfig */;
			buildSettings = {
				ASSETCATALOG_COMPILER_APPICON_NAME = AppIcon;
				ASSETCATALOG_COMPILER_GLOBAL_ACCENT_COLOR_NAME = AccentColor;
				CODE_SIGN_STYLE = Automatic;
				INFOPLIST_FILE = "Project 1/Info.plist";
				LD_RUNPATH_SEARCH_PATHS = (
					"$(inherited)",
					"@executable_path/Frameworks",
				);
				PRODUCT_BUNDLE_IDENTIFIER = "com.CS402.Project-1";
				PRODUCT_NAME = "$(TARGET_NAME)";
				SWIFT_VERSION = 5.0;
				TARGETED_DEVICE_FAMILY = "1,2";
			};
			name = Release;
		};
/* End XCBuildConfiguration section */

/* Begin XCConfigurationList section */
		BEADA380254935AC00124FFE /* Build configuration list for PBXProject "Project 1" */ = {
			isa = XCConfigurationList;
			buildConfigurations = (
				BEADA397254935AF00124FFE /* Debug */,
				BEADA398254935AF00124FFE /* Release */,
			);
			defaultConfigurationIsVisible = 0;
			defaultConfigurationName = Release;
		};
		BEADA399254935AF00124FFE /* Build configuration list for PBXNativeTarget "Project 1" */ = {
			isa = XCConfigurationList;
			buildConfigurations = (
				BEADA39A254935AF00124FFE /* Debug */,
				BEADA39B254935AF00124FFE /* Release */,
			);
			defaultConfigurationIsVisible = 0;
			defaultConfigurationName = Release;
		};
/* End XCConfigurationList section */

/* Begin XCVersionGroup section */
		BEEC0D822564A08D005A3E3C /* Model.xcdatamodeld */ = {
			isa = XCVersionGroup;
			children = (
				BEEC0D832564A08D005A3E3C /* Model.xcdatamodel */,
			);
			currentVersion = BEEC0D832564A08D005A3E3C /* Model.xcdatamodel */;
			path = Model.xcdatamodeld;
			sourceTree = "<group>";
			versionGroupType = wrapper.xcdatamodel;
		};
/* End XCVersionGroup section */
	};
	rootObject = BEADA37D254935AC00124FFE /* Project object */;
}
